
Microsoft Visual Studio Solution File, Format Version 12.00
# Visual Studio 2013
VisualStudioVersion = 12.0.40629.0
MinimumVisualStudioVersion = 10.0.40219.1
Project("{FAE04EC0-301F-11D3-BF4B-00C04F79EFBC}") = "DeviceFinder", "DeviceFinder\DeviceFinder.csproj", "{3D725492-8F2B-4281-B9BB-020C86FC3F5C}"
EndProject
Project("{FAE04EC0-301F-11D3-BF4B-00C04F79EFBC}") = "DeviceManager", "DeviceManager\DeviceManager.csproj", "{4FFAC9E8-160C-4863-91D5-939EC4EED386}"
EndProject
Project("{FAE04EC0-301F-11D3-BF4B-00C04F79EFBC}") = "RFIDDeviceManager", "RFIDDeviceManager\RFIDDeviceManager.csproj", "{78172C1A-4B77-44CF-B56C-4CD13545CF3F}"
EndProject
Global
	GlobalSection(SolutionConfigurationPlatforms) = preSolution
		Debug|Any CPU = Debug|Any CPU
		Debug|x64 = Debug|x64
		Release|Any CPU = Release|Any CPU
		Release|x64 = Release|x64
	EndGlobalSection
	GlobalSection(ProjectConfigurationPlatforms) = postSolution
		{3D725492-8F2B-4281-B9BB-020C86FC3F5C}.Debug|Any CPU.ActiveCfg = Debug|Any CPU
		{3D725492-8F2B-4281-B9BB-020C86FC3F5C}.Debug|Any CPU.Build.0 = Debug|Any CPU
		{3D725492-8F2B-4281-B9BB-020C86FC3F5C}.Debug|x64.ActiveCfg = Debug|x64
		{3D725492-8F2B-4281-B9BB-020C86FC3F5C}.Debug|x64.Build.0 = Debug|x64
		{3D725492-8F2B-4281-B9BB-020C86FC3F5C}.Release|Any CPU.ActiveCfg = Release|Any CPU
		{3D725492-8F2B-4281-B9BB-020C86FC3F5C}.Release|Any CPU.Build.0 = Release|Any CPU
		{3D725492-8F2B-4281-B9BB-020C86FC3F5C}.Release|x64.ActiveCfg = Release|x64
		{3D725492-8F2B-4281-B9BB-020C86FC3F5C}.Release|x64.Build.0 = Release|x64
		{4FFAC9E8-160C-4863-91D5-939EC4EED386}.Debug|Any CPU.ActiveCfg = Debug|Any CPU
		{4FFAC9E8-160C-4863-91D5-939EC4EED386}.Debug|Any CPU.Build.0 = Debug|Any CPU
		{4FFAC9E8-160C-4863-91D5-939EC4EED386}.Debug|x64.ActiveCfg = Debug|x64
		{4FFAC9E8-160C-4863-91D5-939EC4EED386}.Debug|x64.Build.0 = Debug|x64
		{4FFAC9E8-160C-4863-91D5-939EC4EED386}.Release|Any CPU.ActiveCfg = Release|Any CPU
		{4FFAC9E8-160C-4863-91D5-939EC4EED386}.Release|Any CPU.Build.0 = Release|Any CPU
		{4FFAC9E8-160C-4863-91D5-939EC4EED386}.Release|x64.ActiveCfg = Release|x64
		{4FFAC9E8-160C-4863-91D5-939EC4EED386}.Release|x64.Build.0 = Release|x64
		{78172C1A-4B77-44CF-B56C-4CD13545CF3F}.Debug|Any CPU.ActiveCfg = Debug|Any CPU
		{78172C1A-4B77-44CF-B56C-4CD13545CF3F}.Debug|Any CPU.Build.0 = Debug|Any CPU
		{78172C1A-4B77-44CF-B56C-4CD13545CF3F}.Debug|x64.ActiveCfg = Debug|Any CPU
		{78172C1A-4B77-44CF-B56C-4CD13545CF3F}.Release|Any CPU.ActiveCfg = Release|Any CPU
		{78172C1A-4B77-44CF-B56C-4CD13545CF3F}.Release|Any CPU.Build.0 = Release|Any CPU
		{78172C1A-4B77-44CF-B56C-4CD13545CF3F}.Release|x64.ActiveCfg = Release|Any CPU
	EndGlobalSection
	GlobalSection(SolutionProperties) = preSolution
		HideSolutionNode = FALSE
	EndGlobalSection
EndGlobal
